
Microsoft Visual Studio Solution File, Format Version 12.00
Project("{FAE04EC0-301F-11D3-BF4B-00C04F79EFBC}") = "Diplom", "Diplom\Diplom.csproj", "{C22A155C-0C93-4EBF-B032-E0C6437C83FC}"
EndProject
Global
	GlobalSection(SolutionConfigurationPlatforms) = preSolution
		Debug|Any CPU = Debug|Any CPU
		Release|Any CPU = Release|Any CPU
	EndGlobalSection
	GlobalSection(ProjectConfigurationPlatforms) = postSolution
		{C22A155C-0C93-4EBF-B032-E0C6437C83FC}.Debug|Any CPU.ActiveCfg = Debug|Any CPU
		{C22A155C-0C93-4EBF-B032-E0C6437C83FC}.Debug|Any CPU.Build.0 = Debug|Any CPU
		{C22A155C-0C93-4EBF-B032-E0C6437C83FC}.Release|Any CPU.ActiveCfg = Release|Any CPU
		{C22A155C-0C93-4EBF-B032-E0C6437C83FC}.Release|Any CPU.Build.0 = Release|Any CPU
	EndGlobalSection
EndGlobal
